# This file is automatically @generated by Cargo.
# It is not intended for manual editing.
version = 4

[[package]]
name = "cj3-beacon"
version = "0.0.0"

[[package]]
name = "cj3-classes"
version = "0.0.0"

[[package]]
name = "cj3-consensus"
version = "0.0.0"

[[package]]
name = "cj3-kernel"
version = "0.0.0"

[[package]]
name = "cj3-net"
version = "0.0.0"

[[package]]
name = "cj3-node"
version = "0.0.0"

[[package]]
name = "cj3-rpc"
version = "0.0.0"

[[package]]
name = "cj3-solver-sis"
version = "0.0.0"

[[package]]
name = "cj3-store"
version = "0.0.0"

[[package]]
name = "cj3-types"
version = "0.0.0"
